
Microsoft Visual Studio Solution File, Format Version 12.00
# Visual Studio Version 17
VisualStudioVersion = 17.12.35323.107
MinimumVisualStudioVersion = 10.0.40219.1
Project("{FAE04EC0-301F-11D3-BF4B-00C04F79EFBC}") = "ToDoApp", "ToDoApp.csproj", "{348A940E-59AD-4043-B75D-8FF952E5E57F}"
EndProject
Global
	GlobalSection(SolutionConfigurationPlatforms) = preSolution
		Debug|Any CPU = Debug|Any CPU
		Release|Any CPU = Release|Any CPU
	EndGlobalSection
	GlobalSection(ProjectConfigurationPlatforms) = postSolution
		{348A940E-59AD-4043-B75D-8FF952E5E57F}.Debug|Any CPU.ActiveCfg = Debug|Any CPU
		{348A940E-59AD-4043-B75D-8FF952E5E57F}.Debug|Any CPU.Build.0 = Debug|Any CPU
		{348A940E-59AD-4043-B75D-8FF952E5E57F}.Release|Any CPU.ActiveCfg = Release|Any CPU
		{348A940E-59AD-4043-B75D-8FF952E5E57F}.Release|Any CPU.Build.0 = Release|Any CPU
	EndGlobalSection
	GlobalSection(SolutionProperties) = preSolution
		HideSolutionNode = FALSE
	EndGlobalSection
	GlobalSection(ExtensibilityGlobals) = postSolution
		SolutionGuid = {D6FCFA57-0B63-4B70-94C3-BCD62751219E}
	EndGlobalSection
EndGlobal
